
Microsoft Visual Studio Solution File, Format Version 12.00
# Visual Studio Version 17
VisualStudioVersion = 17.4.33110.190
MinimumVisualStudioVersion = 10.0.40219.1
Project("{FAE04EC0-301F-11D3-BF4B-00C04F79EFBC}") = "SfiziTest.EntityLayer", "SfiziTest.EntityLayer\SfiziTest.EntityLayer.csproj", "{B33DFE46-4C82-498E-BF47-9DDD7BC9B3E2}"
EndProject
Project("{FAE04EC0-301F-11D3-BF4B-00C04F79EFBC}") = "SfiziTest.DataAccessLayer", "SfiziTest.DataAccessLayer\SfiziTest.DataAccessLayer.csproj", "{A92FE1A0-F87C-4384-AD26-FFB7AF7CB1CA}"
EndProject
Project("{FAE04EC0-301F-11D3-BF4B-00C04F79EFBC}") = "SfiziTest.BusinessLayer", "SfiziTest.BusinessLayer\SfiziTest.BusinessLayer.csproj", "{9B8D4EA6-DB8D-43DD-B8E0-055149B90EE9}"
EndProject
Global
	GlobalSection(SolutionConfigurationPlatforms) = preSolution
		Debug|Any CPU = Debug|Any CPU
		Release|Any CPU = Release|Any CPU
	EndGlobalSection
	GlobalSection(ProjectConfigurationPlatforms) = postSolution
		{B33DFE46-4C82-498E-BF47-9DDD7BC9B3E2}.Debug|Any CPU.ActiveCfg = Debug|Any CPU
		{B33DFE46-4C82-498E-BF47-9DDD7BC9B3E2}.Debug|Any CPU.Build.0 = Debug|Any CPU
		{B33DFE46-4C82-498E-BF47-9DDD7BC9B3E2}.Release|Any CPU.ActiveCfg = Release|Any CPU
		{B33DFE46-4C82-498E-BF47-9DDD7BC9B3E2}.Release|Any CPU.Build.0 = Release|Any CPU
		{A92FE1A0-F87C-4384-AD26-FFB7AF7CB1CA}.Debug|Any CPU.ActiveCfg = Debug|Any CPU
		{A92FE1A0-F87C-4384-AD26-FFB7AF7CB1CA}.Debug|Any CPU.Build.0 = Debug|Any CPU
		{A92FE1A0-F87C-4384-AD26-FFB7AF7CB1CA}.Release|Any CPU.ActiveCfg = Release|Any CPU
		{A92FE1A0-F87C-4384-AD26-FFB7AF7CB1CA}.Release|Any CPU.Build.0 = Release|Any CPU
		{9B8D4EA6-DB8D-43DD-B8E0-055149B90EE9}.Debug|Any CPU.ActiveCfg = Debug|Any CPU
		{9B8D4EA6-DB8D-43DD-B8E0-055149B90EE9}.Debug|Any CPU.Build.0 = Debug|Any CPU
		{9B8D4EA6-DB8D-43DD-B8E0-055149B90EE9}.Release|Any CPU.ActiveCfg = Release|Any CPU
		{9B8D4EA6-DB8D-43DD-B8E0-055149B90EE9}.Release|Any CPU.Build.0 = Release|Any CPU
	EndGlobalSection
	GlobalSection(SolutionProperties) = preSolution
		HideSolutionNode = FALSE
	EndGlobalSection
	GlobalSection(ExtensibilityGlobals) = postSolution
		SolutionGuid = {FD993203-0495-4BD3-87DE-2013DF635297}
	EndGlobalSection
EndGlobal
